
Microsoft Visual Studio Solution File, Format Version 12.00
# Visual Studio Version 17
VisualStudioVersion = 17.8.34525.116
MinimumVisualStudioVersion = 10.0.40219.1
Project("{2150E333-8FDC-42A3-9474-1A3956D46DE8}") = "Core", "Core", "{07A2A4F3-2A6A-4FEB-B2C6-C9EC0E0CA0CE}"
EndProject
Project("{FAE04EC0-301F-11D3-BF4B-00C04F79EFBC}") = "Domain", "Domain\Domain.csproj", "{A24F73F1-61F9-468C-80ED-7C1D683CB306}"
EndProject
Project("{FAE04EC0-301F-11D3-BF4B-00C04F79EFBC}") = "Application", "Application\Application.csproj", "{9209650B-AA64-487D-9530-64E0AE6A7F7B}"
EndProject
Global
	GlobalSection(SolutionConfigurationPlatforms) = preSolution
		Debug|Any CPU = Debug|Any CPU
		Release|Any CPU = Release|Any CPU
	EndGlobalSection
	GlobalSection(ProjectConfigurationPlatforms) = postSolution
		{A24F73F1-61F9-468C-80ED-7C1D683CB306}.Debug|Any CPU.ActiveCfg = Debug|Any CPU
		{A24F73F1-61F9-468C-80ED-7C1D683CB306}.Debug|Any CPU.Build.0 = Debug|Any CPU
		{A24F73F1-61F9-468C-80ED-7C1D683CB306}.Release|Any CPU.ActiveCfg = Release|Any CPU
		{A24F73F1-61F9-468C-80ED-7C1D683CB306}.Release|Any CPU.Build.0 = Release|Any CPU
		{9209650B-AA64-487D-9530-64E0AE6A7F7B}.Debug|Any CPU.ActiveCfg = Debug|Any CPU
		{9209650B-AA64-487D-9530-64E0AE6A7F7B}.Debug|Any CPU.Build.0 = Debug|Any CPU
		{9209650B-AA64-487D-9530-64E0AE6A7F7B}.Release|Any CPU.ActiveCfg = Release|Any CPU
		{9209650B-AA64-487D-9530-64E0AE6A7F7B}.Release|Any CPU.Build.0 = Release|Any CPU
	EndGlobalSection
	GlobalSection(SolutionProperties) = preSolution
		HideSolutionNode = FALSE
	EndGlobalSection
	GlobalSection(NestedProjects) = preSolution
		{A24F73F1-61F9-468C-80ED-7C1D683CB306} = {07A2A4F3-2A6A-4FEB-B2C6-C9EC0E0CA0CE}
		{9209650B-AA64-487D-9530-64E0AE6A7F7B} = {07A2A4F3-2A6A-4FEB-B2C6-C9EC0E0CA0CE}
	EndGlobalSection
	GlobalSection(ExtensibilityGlobals) = postSolution
		SolutionGuid = {DDC1CA40-25DB-43E6-B964-35ACB9FA3EE0}
	EndGlobalSection
EndGlobal
