
Microsoft Visual Studio Solution File, Format Version 12.00
# Visual Studio Version 17
VisualStudioVersion = 17.8.34525.116
MinimumVisualStudioVersion = 10.0.40219.1
Project("{9A19103F-16F7-4668-BE54-9A1E7A4F7556}") = "Domain", "Domain\Domain.csproj", "{A24F73F1-61F9-468C-80ED-7C1D683CB306}"
EndProject
Project("{9A19103F-16F7-4668-BE54-9A1E7A4F7556}") = "Application", "Application\Application.csproj", "{9209650B-AA64-487D-9530-64E0AE6A7F7B}"
EndProject
Project("{9A19103F-16F7-4668-BE54-9A1E7A4F7556}") = "DataAccess", "DataAccess\DataAccess.csproj", "{35BCF4A0-57E8-4F89-8A91-DBF0DBA8E691}"
EndProject
Project("{9A19103F-16F7-4668-BE54-9A1E7A4F7556}") = "WebAPI", "WebAPI\WebAPI.csproj", "{2EB82EAF-8738-4710-B63C-B61C1A10FEAE}"
	ProjectSection(ProjectDependencies) = postProject
		{B1BFE956-59C7-4F20-ACD8-A3FEF0603E5F} = {B1BFE956-59C7-4F20-ACD8-A3FEF0603E5F}
	EndProjectSection
EndProject
Project("{E53339B2-1760-4266-BCC7-CA923CBCF16C}") = "docker-compose", "docker-compose.dcproj", "{DAF59A24-207E-4E1B-AD2E-74C43EB82127}"
EndProject
Project("{9A19103F-16F7-4668-BE54-9A1E7A4F7556}") = "Infrastructure", "Infrastructure\Infrastructure.csproj", "{B1BFE956-59C7-4F20-ACD8-A3FEF0603E5F}"
	ProjectSection(ProjectDependencies) = postProject
		{35BCF4A0-57E8-4F89-8A91-DBF0DBA8E691} = {35BCF4A0-57E8-4F89-8A91-DBF0DBA8E691}
	EndProjectSection
EndProject
Project("{9A19103F-16F7-4668-BE54-9A1E7A4F7556}") = "UnitTests", "UnitTests\UnitTests.csproj", "{DF3793EE-FAFD-4405-8FD5-6831DD076095}"
	ProjectSection(ProjectDependencies) = postProject
		{35BCF4A0-57E8-4F89-8A91-DBF0DBA8E691} = {35BCF4A0-57E8-4F89-8A91-DBF0DBA8E691}
		{9209650B-AA64-487D-9530-64E0AE6A7F7B} = {9209650B-AA64-487D-9530-64E0AE6A7F7B}
	EndProjectSection
EndProject
Global
	GlobalSection(SolutionConfigurationPlatforms) = preSolution
		Debug|Any CPU = Debug|Any CPU
		Release|Any CPU = Release|Any CPU
	EndGlobalSection
	GlobalSection(ProjectConfigurationPlatforms) = postSolution
		{A24F73F1-61F9-468C-80ED-7C1D683CB306}.Debug|Any CPU.ActiveCfg = Debug|Any CPU
		{A24F73F1-61F9-468C-80ED-7C1D683CB306}.Debug|Any CPU.Build.0 = Debug|Any CPU
		{A24F73F1-61F9-468C-80ED-7C1D683CB306}.Release|Any CPU.ActiveCfg = Release|Any CPU
		{A24F73F1-61F9-468C-80ED-7C1D683CB306}.Release|Any CPU.Build.0 = Release|Any CPU
		{9209650B-AA64-487D-9530-64E0AE6A7F7B}.Debug|Any CPU.ActiveCfg = Debug|Any CPU
		{9209650B-AA64-487D-9530-64E0AE6A7F7B}.Debug|Any CPU.Build.0 = Debug|Any CPU
		{9209650B-AA64-487D-9530-64E0AE6A7F7B}.Release|Any CPU.ActiveCfg = Release|Any CPU
		{9209650B-AA64-487D-9530-64E0AE6A7F7B}.Release|Any CPU.Build.0 = Release|Any CPU
		{35BCF4A0-57E8-4F89-8A91-DBF0DBA8E691}.Debug|Any CPU.ActiveCfg = Debug|Any CPU
		{35BCF4A0-57E8-4F89-8A91-DBF0DBA8E691}.Debug|Any CPU.Build.0 = Debug|Any CPU
		{35BCF4A0-57E8-4F89-8A91-DBF0DBA8E691}.Release|Any CPU.ActiveCfg = Release|Any CPU
		{35BCF4A0-57E8-4F89-8A91-DBF0DBA8E691}.Release|Any CPU.Build.0 = Release|Any CPU
		{2EB82EAF-8738-4710-B63C-B61C1A10FEAE}.Debug|Any CPU.ActiveCfg = Debug|Any CPU
		{2EB82EAF-8738-4710-B63C-B61C1A10FEAE}.Debug|Any CPU.Build.0 = Debug|Any CPU
		{2EB82EAF-8738-4710-B63C-B61C1A10FEAE}.Release|Any CPU.ActiveCfg = Release|Any CPU
		{2EB82EAF-8738-4710-B63C-B61C1A10FEAE}.Release|Any CPU.Build.0 = Release|Any CPU
		{DAF59A24-207E-4E1B-AD2E-74C43EB82127}.Debug|Any CPU.ActiveCfg = Debug|Any CPU
		{DAF59A24-207E-4E1B-AD2E-74C43EB82127}.Debug|Any CPU.Build.0 = Debug|Any CPU
		{DAF59A24-207E-4E1B-AD2E-74C43EB82127}.Release|Any CPU.ActiveCfg = Release|Any CPU
		{DAF59A24-207E-4E1B-AD2E-74C43EB82127}.Release|Any CPU.Build.0 = Release|Any CPU
		{B1BFE956-59C7-4F20-ACD8-A3FEF0603E5F}.Debug|Any CPU.ActiveCfg = Debug|Any CPU
		{B1BFE956-59C7-4F20-ACD8-A3FEF0603E5F}.Debug|Any CPU.Build.0 = Debug|Any CPU
		{B1BFE956-59C7-4F20-ACD8-A3FEF0603E5F}.Release|Any CPU.ActiveCfg = Release|Any CPU
		{B1BFE956-59C7-4F20-ACD8-A3FEF0603E5F}.Release|Any CPU.Build.0 = Release|Any CPU
		{DF3793EE-FAFD-4405-8FD5-6831DD076095}.Debug|Any CPU.ActiveCfg = Debug|Any CPU
		{DF3793EE-FAFD-4405-8FD5-6831DD076095}.Debug|Any CPU.Build.0 = Debug|Any CPU
		{DF3793EE-FAFD-4405-8FD5-6831DD076095}.Release|Any CPU.ActiveCfg = Release|Any CPU
		{DF3793EE-FAFD-4405-8FD5-6831DD076095}.Release|Any CPU.Build.0 = Release|Any CPU
	EndGlobalSection
	GlobalSection(SolutionProperties) = preSolution
		HideSolutionNode = FALSE
	EndGlobalSection
	GlobalSection(ExtensibilityGlobals) = postSolution
		SolutionGuid = {DDC1CA40-25DB-43E6-B964-35ACB9FA3EE0}
	EndGlobalSection
EndGlobal
